
Microsoft Visual Studio Solution File, Format Version 12.00
# Visual Studio 14
VisualStudioVersion = 14.0.24720.0
MinimumVisualStudioVersion = 10.0.40219.1
Project("{2150E333-8FDC-42A3-9474-1A3956D46DE8}") = "Console", "Console", "{04330674-5A09-4591-B5E5-4EB8F1255FD3}"
EndProject
Project("{FAE04EC0-301F-11D3-BF4B-00C04F79EFBC}") = "FullContact.Example.Console", "Console\FullContact.Example.Console\FullContact.Example.Console.csproj", "{B3DDDE2E-00E5-41D2-B912-CD0AECADCB4E}"
EndProject
Global
	GlobalSection(SolutionConfigurationPlatforms) = preSolution
		Debug|Any CPU = Debug|Any CPU
		Release|Any CPU = Release|Any CPU
	EndGlobalSection
	GlobalSection(ProjectConfigurationPlatforms) = postSolution
		{B3DDDE2E-00E5-41D2-B912-CD0AECADCB4E}.Debug|Any CPU.ActiveCfg = Debug|Any CPU
		{B3DDDE2E-00E5-41D2-B912-CD0AECADCB4E}.Debug|Any CPU.Build.0 = Debug|Any CPU
		{B3DDDE2E-00E5-41D2-B912-CD0AECADCB4E}.Release|Any CPU.ActiveCfg = Release|Any CPU
		{B3DDDE2E-00E5-41D2-B912-CD0AECADCB4E}.Release|Any CPU.Build.0 = Release|Any CPU
	EndGlobalSection
	GlobalSection(SolutionProperties) = preSolution
		HideSolutionNode = FALSE
	EndGlobalSection
	GlobalSection(NestedProjects) = preSolution
		{B3DDDE2E-00E5-41D2-B912-CD0AECADCB4E} = {04330674-5A09-4591-B5E5-4EB8F1255FD3}
	EndGlobalSection
EndGlobal
